
Microsoft Visual Studio Solution File, Format Version 12.00
# Visual Studio Version 17
VisualStudioVersion = 17.0.31903.59
MinimumVisualStudioVersion = 10.0.40219.1
Project("{2150E333-8FDC-42A3-9474-1A3956D46DE8}") = "src", "src", "{827E0CD3-B72D-47B6-A68D-7590B98EB39B}"
EndProject
Project("{FAE04EC0-301F-11D3-BF4B-00C04F79EFBC}") = "Fluxion.Domain", "src\Fluxion.Domain\Fluxion.Domain.csproj", "{27F84DDF-5F1A-4845-A4EB-0FC591DBA4E5}"
EndProject
Project("{FAE04EC0-301F-11D3-BF4B-00C04F79EFBC}") = "Fluxion.Application", "src\Fluxion.Application\Fluxion.Application.csproj", "{389568F1-F85F-4B44-A43A-8433E5751DC7}"
EndProject
Project("{FAE04EC0-301F-11D3-BF4B-00C04F79EFBC}") = "Fluxion.Persistence", "src\Fluxion.Persistence\Fluxion.Persistence.csproj", "{E5AD15B8-D0FD-496F-BD11-4200A756766D}"
EndProject
Project("{FAE04EC0-301F-11D3-BF4B-00C04F79EFBC}") = "Fluxion.Infrastructure", "src\Fluxion.Infrastructure\Fluxion.Infrastructure.csproj", "{2194758E-3D8A-419B-94B7-B1C01D9367DE}"
EndProject
Project("{FAE04EC0-301F-11D3-BF4B-00C04F79EFBC}") = "Fluxion.API", "src\Fluxion.API\Fluxion.API.csproj", "{8DEED9BB-A54C-4D5E-9A3F-BBB48ACF0E61}"
EndProject
Project("{FAE04EC0-301F-11D3-BF4B-00C04F79EFBC}") = "Fluxion.UnitTests", "tests\Fluxion.UnitTests\Fluxion.UnitTests.csproj", "{5F6F8390-5D26-47A9-8014-796579165140}"
EndProject
Project("{FAE04EC0-301F-11D3-BF4B-00C04F79EFBC}") = "Fluxion.IntegrationTests", "tests\Fluxion.IntegrationTests\Fluxion.IntegrationTests.csproj", "{DEBA9A79-248E-410E-8781-0BAFCD5D9D67}"
EndProject
Project("{2150E333-8FDC-42A3-9474-1A3956D46DE8}") = "tests", "tests", "{F487FAE7-92D6-4748-935C-CCFF17D0D580}"
EndProject
Project("{FAE04EC0-301F-11D3-BF4B-00C04F79EFBC}") = "Fluxion.SeleniumTests", "tests\Fluxion.SeleniumTests\Fluxion.SeleniumTests.csproj", "{B4D16B75-596B-4DE6-B156-BAF9C0DCDBF2}"
EndProject
Global
	GlobalSection(SolutionConfigurationPlatforms) = preSolution
		Debug|Any CPU = Debug|Any CPU
		Debug|x64 = Debug|x64
		Debug|x86 = Debug|x86
		Release|Any CPU = Release|Any CPU
		Release|x64 = Release|x64
		Release|x86 = Release|x86
	EndGlobalSection
	GlobalSection(ProjectConfigurationPlatforms) = postSolution
		{27F84DDF-5F1A-4845-A4EB-0FC591DBA4E5}.Debug|Any CPU.ActiveCfg = Debug|Any CPU
		{27F84DDF-5F1A-4845-A4EB-0FC591DBA4E5}.Debug|Any CPU.Build.0 = Debug|Any CPU
		{27F84DDF-5F1A-4845-A4EB-0FC591DBA4E5}.Debug|x64.ActiveCfg = Debug|Any CPU
		{27F84DDF-5F1A-4845-A4EB-0FC591DBA4E5}.Debug|x64.Build.0 = Debug|Any CPU
		{27F84DDF-5F1A-4845-A4EB-0FC591DBA4E5}.Debug|x86.ActiveCfg = Debug|Any CPU
		{27F84DDF-5F1A-4845-A4EB-0FC591DBA4E5}.Debug|x86.Build.0 = Debug|Any CPU
		{27F84DDF-5F1A-4845-A4EB-0FC591DBA4E5}.Release|Any CPU.ActiveCfg = Release|Any CPU
		{27F84DDF-5F1A-4845-A4EB-0FC591DBA4E5}.Release|Any CPU.Build.0 = Release|Any CPU
		{27F84DDF-5F1A-4845-A4EB-0FC591DBA4E5}.Release|x64.ActiveCfg = Release|Any CPU
		{27F84DDF-5F1A-4845-A4EB-0FC591DBA4E5}.Release|x64.Build.0 = Release|Any CPU
		{27F84DDF-5F1A-4845-A4EB-0FC591DBA4E5}.Release|x86.ActiveCfg = Release|Any CPU
		{27F84DDF-5F1A-4845-A4EB-0FC591DBA4E5}.Release|x86.Build.0 = Release|Any CPU
		{389568F1-F85F-4B44-A43A-8433E5751DC7}.Debug|Any CPU.ActiveCfg = Debug|Any CPU
		{389568F1-F85F-4B44-A43A-8433E5751DC7}.Debug|Any CPU.Build.0 = Debug|Any CPU
		{389568F1-F85F-4B44-A43A-8433E5751DC7}.Debug|x64.ActiveCfg = Debug|Any CPU
		{389568F1-F85F-4B44-A43A-8433E5751DC7}.Debug|x64.Build.0 = Debug|Any CPU
		{389568F1-F85F-4B44-A43A-8433E5751DC7}.Debug|x86.ActiveCfg = Debug|Any CPU
		{389568F1-F85F-4B44-A43A-8433E5751DC7}.Debug|x86.Build.0 = Debug|Any CPU
		{389568F1-F85F-4B44-A43A-8433E5751DC7}.Release|Any CPU.ActiveCfg = Release|Any CPU
		{389568F1-F85F-4B44-A43A-8433E5751DC7}.Release|Any CPU.Build.0 = Release|Any CPU
		{389568F1-F85F-4B44-A43A-8433E5751DC7}.Release|x64.ActiveCfg = Release|Any CPU
		{389568F1-F85F-4B44-A43A-8433E5751DC7}.Release|x64.Build.0 = Release|Any CPU
		{389568F1-F85F-4B44-A43A-8433E5751DC7}.Release|x86.ActiveCfg = Release|Any CPU
		{389568F1-F85F-4B44-A43A-8433E5751DC7}.Release|x86.Build.0 = Release|Any CPU
		{E5AD15B8-D0FD-496F-BD11-4200A756766D}.Debug|Any CPU.ActiveCfg = Debug|Any CPU
		{E5AD15B8-D0FD-496F-BD11-4200A756766D}.Debug|Any CPU.Build.0 = Debug|Any CPU
		{E5AD15B8-D0FD-496F-BD11-4200A756766D}.Debug|x64.ActiveCfg = Debug|Any CPU
		{E5AD15B8-D0FD-496F-BD11-4200A756766D}.Debug|x64.Build.0 = Debug|Any CPU
		{E5AD15B8-D0FD-496F-BD11-4200A756766D}.Debug|x86.ActiveCfg = Debug|Any CPU
		{E5AD15B8-D0FD-496F-BD11-4200A756766D}.Debug|x86.Build.0 = Debug|Any CPU
		{E5AD15B8-D0FD-496F-BD11-4200A756766D}.Release|Any CPU.ActiveCfg = Release|Any CPU
		{E5AD15B8-D0FD-496F-BD11-4200A756766D}.Release|Any CPU.Build.0 = Release|Any CPU
		{E5AD15B8-D0FD-496F-BD11-4200A756766D}.Release|x64.ActiveCfg = Release|Any CPU
		{E5AD15B8-D0FD-496F-BD11-4200A756766D}.Release|x64.Build.0 = Release|Any CPU
		{E5AD15B8-D0FD-496F-BD11-4200A756766D}.Release|x86.ActiveCfg = Release|Any CPU
		{E5AD15B8-D0FD-496F-BD11-4200A756766D}.Release|x86.Build.0 = Release|Any CPU
		{2194758E-3D8A-419B-94B7-B1C01D9367DE}.Debug|Any CPU.ActiveCfg = Debug|Any CPU
		{2194758E-3D8A-419B-94B7-B1C01D9367DE}.Debug|Any CPU.Build.0 = Debug|Any CPU
		{2194758E-3D8A-419B-94B7-B1C01D9367DE}.Debug|x64.ActiveCfg = Debug|Any CPU
		{2194758E-3D8A-419B-94B7-B1C01D9367DE}.Debug|x64.Build.0 = Debug|Any CPU
		{2194758E-3D8A-419B-94B7-B1C01D9367DE}.Debug|x86.ActiveCfg = Debug|Any CPU
		{2194758E-3D8A-419B-94B7-B1C01D9367DE}.Debug|x86.Build.0 = Debug|Any CPU
		{2194758E-3D8A-419B-94B7-B1C01D9367DE}.Release|Any CPU.ActiveCfg = Release|Any CPU
		{2194758E-3D8A-419B-94B7-B1C01D9367DE}.Release|Any CPU.Build.0 = Release|Any CPU
		{2194758E-3D8A-419B-94B7-B1C01D9367DE}.Release|x64.ActiveCfg = Release|Any CPU
		{2194758E-3D8A-419B-94B7-B1C01D9367DE}.Release|x64.Build.0 = Release|Any CPU
		{2194758E-3D8A-419B-94B7-B1C01D9367DE}.Release|x86.ActiveCfg = Release|Any CPU
		{2194758E-3D8A-419B-94B7-B1C01D9367DE}.Release|x86.Build.0 = Release|Any CPU
		{8DEED9BB-A54C-4D5E-9A3F-BBB48ACF0E61}.Debug|Any CPU.ActiveCfg = Debug|Any CPU
		{8DEED9BB-A54C-4D5E-9A3F-BBB48ACF0E61}.Debug|Any CPU.Build.0 = Debug|Any CPU
		{8DEED9BB-A54C-4D5E-9A3F-BBB48ACF0E61}.Debug|x64.ActiveCfg = Debug|Any CPU
		{8DEED9BB-A54C-4D5E-9A3F-BBB48ACF0E61}.Debug|x64.Build.0 = Debug|Any CPU
		{8DEED9BB-A54C-4D5E-9A3F-BBB48ACF0E61}.Debug|x86.ActiveCfg = Debug|Any CPU
		{8DEED9BB-A54C-4D5E-9A3F-BBB48ACF0E61}.Debug|x86.Build.0 = Debug|Any CPU
		{8DEED9BB-A54C-4D5E-9A3F-BBB48ACF0E61}.Release|Any CPU.ActiveCfg = Release|Any CPU
		{8DEED9BB-A54C-4D5E-9A3F-BBB48ACF0E61}.Release|Any CPU.Build.0 = Release|Any CPU
		{8DEED9BB-A54C-4D5E-9A3F-BBB48ACF0E61}.Release|x64.ActiveCfg = Release|Any CPU
		{8DEED9BB-A54C-4D5E-9A3F-BBB48ACF0E61}.Release|x64.Build.0 = Release|Any CPU
		{8DEED9BB-A54C-4D5E-9A3F-BBB48ACF0E61}.Release|x86.ActiveCfg = Release|Any CPU
		{8DEED9BB-A54C-4D5E-9A3F-BBB48ACF0E61}.Release|x86.Build.0 = Release|Any CPU
		{5F6F8390-5D26-47A9-8014-796579165140}.Debug|Any CPU.ActiveCfg = Debug|Any CPU
		{5F6F8390-5D26-47A9-8014-796579165140}.Debug|Any CPU.Build.0 = Debug|Any CPU
		{5F6F8390-5D26-47A9-8014-796579165140}.Debug|x64.ActiveCfg = Debug|Any CPU
		{5F6F8390-5D26-47A9-8014-796579165140}.Debug|x64.Build.0 = Debug|Any CPU
		{5F6F8390-5D26-47A9-8014-796579165140}.Debug|x86.ActiveCfg = Debug|Any CPU
		{5F6F8390-5D26-47A9-8014-796579165140}.Debug|x86.Build.0 = Debug|Any CPU
		{5F6F8390-5D26-47A9-8014-796579165140}.Release|Any CPU.ActiveCfg = Release|Any CPU
		{5F6F8390-5D26-47A9-8014-796579165140}.Release|Any CPU.Build.0 = Release|Any CPU
		{5F6F8390-5D26-47A9-8014-796579165140}.Release|x64.ActiveCfg = Release|Any CPU
		{5F6F8390-5D26-47A9-8014-796579165140}.Release|x64.Build.0 = Release|Any CPU
		{5F6F8390-5D26-47A9-8014-796579165140}.Release|x86.ActiveCfg = Release|Any CPU
		{5F6F8390-5D26-47A9-8014-796579165140}.Release|x86.Build.0 = Release|Any CPU
		{DEBA9A79-248E-410E-8781-0BAFCD5D9D67}.Debug|Any CPU.ActiveCfg = Debug|Any CPU
		{DEBA9A79-248E-410E-8781-0BAFCD5D9D67}.Debug|Any CPU.Build.0 = Debug|Any CPU
		{DEBA9A79-248E-410E-8781-0BAFCD5D9D67}.Debug|x64.ActiveCfg = Debug|Any CPU
		{DEBA9A79-248E-410E-8781-0BAFCD5D9D67}.Debug|x64.Build.0 = Debug|Any CPU
		{DEBA9A79-248E-410E-8781-0BAFCD5D9D67}.Debug|x86.ActiveCfg = Debug|Any CPU
		{DEBA9A79-248E-410E-8781-0BAFCD5D9D67}.Debug|x86.Build.0 = Debug|Any CPU
		{DEBA9A79-248E-410E-8781-0BAFCD5D9D67}.Release|Any CPU.ActiveCfg = Release|Any CPU
		{DEBA9A79-248E-410E-8781-0BAFCD5D9D67}.Release|Any CPU.Build.0 = Release|Any CPU
		{DEBA9A79-248E-410E-8781-0BAFCD5D9D67}.Release|x64.ActiveCfg = Release|Any CPU
		{DEBA9A79-248E-410E-8781-0BAFCD5D9D67}.Release|x64.Build.0 = Release|Any CPU
		{DEBA9A79-248E-410E-8781-0BAFCD5D9D67}.Release|x86.ActiveCfg = Release|Any CPU
		{DEBA9A79-248E-410E-8781-0BAFCD5D9D67}.Release|x86.Build.0 = Release|Any CPU
		{B4D16B75-596B-4DE6-B156-BAF9C0DCDBF2}.Debug|Any CPU.ActiveCfg = Debug|Any CPU
		{B4D16B75-596B-4DE6-B156-BAF9C0DCDBF2}.Debug|Any CPU.Build.0 = Debug|Any CPU
		{B4D16B75-596B-4DE6-B156-BAF9C0DCDBF2}.Debug|x64.ActiveCfg = Debug|Any CPU
		{B4D16B75-596B-4DE6-B156-BAF9C0DCDBF2}.Debug|x64.Build.0 = Debug|Any CPU
		{B4D16B75-596B-4DE6-B156-BAF9C0DCDBF2}.Debug|x86.ActiveCfg = Debug|Any CPU
		{B4D16B75-596B-4DE6-B156-BAF9C0DCDBF2}.Debug|x86.Build.0 = Debug|Any CPU
		{B4D16B75-596B-4DE6-B156-BAF9C0DCDBF2}.Release|Any CPU.ActiveCfg = Release|Any CPU
		{B4D16B75-596B-4DE6-B156-BAF9C0DCDBF2}.Release|Any CPU.Build.0 = Release|Any CPU
		{B4D16B75-596B-4DE6-B156-BAF9C0DCDBF2}.Release|x64.ActiveCfg = Release|Any CPU
		{B4D16B75-596B-4DE6-B156-BAF9C0DCDBF2}.Release|x64.Build.0 = Release|Any CPU
		{B4D16B75-596B-4DE6-B156-BAF9C0DCDBF2}.Release|x86.ActiveCfg = Release|Any CPU
		{B4D16B75-596B-4DE6-B156-BAF9C0DCDBF2}.Release|x86.Build.0 = Release|Any CPU
	EndGlobalSection
	GlobalSection(SolutionProperties) = preSolution
		HideSolutionNode = FALSE
	EndGlobalSection
	GlobalSection(NestedProjects) = preSolution
		{27F84DDF-5F1A-4845-A4EB-0FC591DBA4E5} = {827E0CD3-B72D-47B6-A68D-7590B98EB39B}
		{389568F1-F85F-4B44-A43A-8433E5751DC7} = {827E0CD3-B72D-47B6-A68D-7590B98EB39B}
		{E5AD15B8-D0FD-496F-BD11-4200A756766D} = {827E0CD3-B72D-47B6-A68D-7590B98EB39B}
		{2194758E-3D8A-419B-94B7-B1C01D9367DE} = {827E0CD3-B72D-47B6-A68D-7590B98EB39B}
		{8DEED9BB-A54C-4D5E-9A3F-BBB48ACF0E61} = {827E0CD3-B72D-47B6-A68D-7590B98EB39B}
		{5F6F8390-5D26-47A9-8014-796579165140} = {827E0CD3-B72D-47B6-A68D-7590B98EB39B}
		{DEBA9A79-248E-410E-8781-0BAFCD5D9D67} = {827E0CD3-B72D-47B6-A68D-7590B98EB39B}
		{B4D16B75-596B-4DE6-B156-BAF9C0DCDBF2} = {F487FAE7-92D6-4748-935C-CCFF17D0D580}
	EndGlobalSection
EndGlobal
